
Microsoft Visual Studio Solution File, Format Version 12.00
# Visual Studio Version 17
VisualStudioVersion = 17.6.33829.357
MinimumVisualStudioVersion = 10.0.40219.1
Project("{FAE04EC0-301F-11D3-BF4B-00C04F79EFBC}") = "EntityProjectApp", "EntityProjectApp.csproj", "{B572D77A-CD47-4229-9530-47C267B613A3}"
EndProject
Global
	GlobalSection(SolutionConfigurationPlatforms) = preSolution
		Debug|Any CPU = Debug|Any CPU
		Release|Any CPU = Release|Any CPU
	EndGlobalSection
	GlobalSection(ProjectConfigurationPlatforms) = postSolution
		{B572D77A-CD47-4229-9530-47C267B613A3}.Debug|Any CPU.ActiveCfg = Debug|Any CPU
		{B572D77A-CD47-4229-9530-47C267B613A3}.Debug|Any CPU.Build.0 = Debug|Any CPU
		{B572D77A-CD47-4229-9530-47C267B613A3}.Release|Any CPU.ActiveCfg = Release|Any CPU
		{B572D77A-CD47-4229-9530-47C267B613A3}.Release|Any CPU.Build.0 = Release|Any CPU
	EndGlobalSection
	GlobalSection(SolutionProperties) = preSolution
		HideSolutionNode = FALSE
	EndGlobalSection
	GlobalSection(ExtensibilityGlobals) = postSolution
		SolutionGuid = {C7198E85-2DCD-4635-B500-1A8D0028612B}
	EndGlobalSection
EndGlobal
